
Microsoft Visual Studio Solution File, Format Version 10.00
# Visual C++ Express 2008
Project("{8BC9CEB8-8B4A-11D0-8D11-00A0C91BC942}") = "teste3", "teste3\teste3.vcproj", "{92ECC4A9-1F9F-4794-9F9B-DBB094494B1E}"
EndProject
Global
	GlobalSection(SolutionConfigurationPlatforms) = preSolution
		Debug|Win32 = Debug|Win32
		Release|Win32 = Release|Win32
	EndGlobalSection
	GlobalSection(ProjectConfigurationPlatforms) = postSolution
		{92ECC4A9-1F9F-4794-9F9B-DBB094494B1E}.Debug|Win32.ActiveCfg = Debug|Win32
		{92ECC4A9-1F9F-4794-9F9B-DBB094494B1E}.Debug|Win32.Build.0 = Debug|Win32
		{92ECC4A9-1F9F-4794-9F9B-DBB094494B1E}.Release|Win32.ActiveCfg = Release|Win32
		{92ECC4A9-1F9F-4794-9F9B-DBB094494B1E}.Release|Win32.Build.0 = Release|Win32
	EndGlobalSection
	GlobalSection(SolutionProperties) = preSolution
		HideSolutionNode = FALSE
	EndGlobalSection
EndGlobal
