
Microsoft Visual Studio Solution File, Format Version 10.00
# Visual C++ Express 2008
Project("{8BC9CEB8-8B4A-11D0-8D11-00A0C91BC942}") = "teste10", "teste10\teste10.vcproj", "{C6815320-FC83-4FE8-B6FC-152998DE612B}"
EndProject
Global
	GlobalSection(SolutionConfigurationPlatforms) = preSolution
		Debug|Win32 = Debug|Win32
		Release|Win32 = Release|Win32
	EndGlobalSection
	GlobalSection(ProjectConfigurationPlatforms) = postSolution
		{C6815320-FC83-4FE8-B6FC-152998DE612B}.Debug|Win32.ActiveCfg = Debug|Win32
		{C6815320-FC83-4FE8-B6FC-152998DE612B}.Debug|Win32.Build.0 = Debug|Win32
		{C6815320-FC83-4FE8-B6FC-152998DE612B}.Release|Win32.ActiveCfg = Release|Win32
		{C6815320-FC83-4FE8-B6FC-152998DE612B}.Release|Win32.Build.0 = Release|Win32
	EndGlobalSection
	GlobalSection(SolutionProperties) = preSolution
		HideSolutionNode = FALSE
	EndGlobalSection
EndGlobal
